
Microsoft Visual Studio Solution File, Format Version 12.00
# Visual Studio Version 17
VisualStudioVersion = 17.7.34024.191
MinimumVisualStudioVersion = 10.0.40219.1
Project("{2150E333-8FDC-42A3-9474-1A3956D46DE8}") = "1 - Apresentação", "1 - Apresentação", "{1A6FA580-292F-4DB9-AA5C-153BD698605B}"
EndProject
Project("{2150E333-8FDC-42A3-9474-1A3956D46DE8}") = "1.1 - Bases", "1.1 - Bases", "{57D36415-08F3-4382-9C7F-9DB43979400A}"
EndProject
Project("{2150E333-8FDC-42A3-9474-1A3956D46DE8}") = "1.2 - Controles", "1.2 - Controles", "{127DB196-BE5D-4BAB-91EB-CCCE2BF41E27}"
EndProject
Project("{2150E333-8FDC-42A3-9474-1A3956D46DE8}") = "1.3 - Módulos", "1.3 - Módulos", "{576D78E1-D73A-4D1E-966E-1D79709A79DF}"
EndProject
Project("{2150E333-8FDC-42A3-9474-1A3956D46DE8}") = "1.4 - Testes", "1.4 - Testes", "{87966241-1B0F-4FE8-B4C1-4FCEF9D3002A}"
EndProject
Project("{2150E333-8FDC-42A3-9474-1A3956D46DE8}") = "2 - Serviços", "2 - Serviços", "{F8390ED9-2712-4DD2-85E7-2F23C286B376}"
EndProject
Project("{2150E333-8FDC-42A3-9474-1A3956D46DE8}") = "4 - Infraestrutura", "4 - Infraestrutura", "{9A2DA663-EF0C-44B5-9E6E-73B471AC4F64}"
EndProject
Project("{2150E333-8FDC-42A3-9474-1A3956D46DE8}") = "4.1 - Dados", "4.1 - Dados", "{62B0D9D8-F82F-449C-A278-2A5A860C7B96}"
EndProject
Project("{2150E333-8FDC-42A3-9474-1A3956D46DE8}") = "4.2 - Interfaces", "4.2 - Interfaces", "{A65E9126-F2FC-4A2E-8B8C-4E501127D253}"
EndProject
Project("{2150E333-8FDC-42A3-9474-1A3956D46DE8}") = "4.3 - Repositório", "4.3 - Repositório", "{75E4ECD6-342D-406D-A496-8662E242C639}"
EndProject
Project("{2150E333-8FDC-42A3-9474-1A3956D46DE8}") = "5 - Utilidades", "5 - Utilidades", "{FBE3286C-4A68-450F-9F37-BF0734812227}"
EndProject
Project("{2150E333-8FDC-42A3-9474-1A3956D46DE8}") = "5.1 - Transversal", "5.1 - Transversal", "{56D633F4-F948-46A6-9A98-59BE5F517DB8}"
EndProject
Project("{2150E333-8FDC-42A3-9474-1A3956D46DE8}") = "5.2 - Utilitários", "5.2 - Utilitários", "{C487FD1E-55B2-4A4F-99B2-32DEC6A3E82F}"
EndProject
Project("{2150E333-8FDC-42A3-9474-1A3956D46DE8}") = "3 - Dominio", "3 - Dominio", "{CF4D5C8A-8AFC-464D-8B75-2BA1F2544554}"
EndProject
Project("{2150E333-8FDC-42A3-9474-1A3956D46DE8}") = "3.1 - Regras", "3.1 - Regras", "{8B89AA98-9DCB-40EA-A3CA-70E4F8C387AF}"
EndProject
Project("{2150E333-8FDC-42A3-9474-1A3956D46DE8}") = "3.3 - Testes", "3.3 - Testes", "{99F8CF29-FEAB-4994-A5C5-3948EE2B7D33}"
EndProject
Project("{2150E333-8FDC-42A3-9474-1A3956D46DE8}") = "4.4 - Testes", "4.4 - Testes", "{1869D4F8-C4D2-4561-8137-F9E212ACE5A6}"
EndProject
Global
	GlobalSection(SolutionProperties) = preSolution
		HideSolutionNode = FALSE
	EndGlobalSection
	GlobalSection(NestedProjects) = preSolution
		{57D36415-08F3-4382-9C7F-9DB43979400A} = {1A6FA580-292F-4DB9-AA5C-153BD698605B}
		{127DB196-BE5D-4BAB-91EB-CCCE2BF41E27} = {1A6FA580-292F-4DB9-AA5C-153BD698605B}
		{576D78E1-D73A-4D1E-966E-1D79709A79DF} = {1A6FA580-292F-4DB9-AA5C-153BD698605B}
		{87966241-1B0F-4FE8-B4C1-4FCEF9D3002A} = {1A6FA580-292F-4DB9-AA5C-153BD698605B}
		{62B0D9D8-F82F-449C-A278-2A5A860C7B96} = {9A2DA663-EF0C-44B5-9E6E-73B471AC4F64}
		{A65E9126-F2FC-4A2E-8B8C-4E501127D253} = {9A2DA663-EF0C-44B5-9E6E-73B471AC4F64}
		{75E4ECD6-342D-406D-A496-8662E242C639} = {9A2DA663-EF0C-44B5-9E6E-73B471AC4F64}
		{56D633F4-F948-46A6-9A98-59BE5F517DB8} = {FBE3286C-4A68-450F-9F37-BF0734812227}
		{C487FD1E-55B2-4A4F-99B2-32DEC6A3E82F} = {FBE3286C-4A68-450F-9F37-BF0734812227}
		{8B89AA98-9DCB-40EA-A3CA-70E4F8C387AF} = {CF4D5C8A-8AFC-464D-8B75-2BA1F2544554}
		{99F8CF29-FEAB-4994-A5C5-3948EE2B7D33} = {CF4D5C8A-8AFC-464D-8B75-2BA1F2544554}
		{1869D4F8-C4D2-4561-8137-F9E212ACE5A6} = {9A2DA663-EF0C-44B5-9E6E-73B471AC4F64}
	EndGlobalSection
	GlobalSection(ExtensibilityGlobals) = postSolution
		SolutionGuid = {F051B063-EDFA-4DDF-A582-8BFE5131588B}
	EndGlobalSection
EndGlobal
