
Microsoft Visual Studio Solution File, Format Version 12.00
# Visual Studio Version 17
VisualStudioVersion = 17.7.34024.191
MinimumVisualStudioVersion = 10.0.40219.1
Project("{2150E333-8FDC-42A3-9474-1A3956D46DE8}") = "1 - Apresentação", "1 - Apresentação", "{1A6FA580-292F-4DB9-AA5C-153BD698605B}"
EndProject
Project("{2150E333-8FDC-42A3-9474-1A3956D46DE8}") = "1.1 - Bases", "1.1 - Bases", "{57D36415-08F3-4382-9C7F-9DB43979400A}"
EndProject
Project("{2150E333-8FDC-42A3-9474-1A3956D46DE8}") = "1.2 - Controles", "1.2 - Controles", "{127DB196-BE5D-4BAB-91EB-CCCE2BF41E27}"
EndProject
Project("{2150E333-8FDC-42A3-9474-1A3956D46DE8}") = "1.3 - Módulos", "1.3 - Módulos", "{576D78E1-D73A-4D1E-966E-1D79709A79DF}"
EndProject
Project("{2150E333-8FDC-42A3-9474-1A3956D46DE8}") = "1.4 - Testes", "1.4 - Testes", "{87966241-1B0F-4FE8-B4C1-4FCEF9D3002A}"
EndProject
Project("{2150E333-8FDC-42A3-9474-1A3956D46DE8}") = "2 - Serviços", "2 - Serviços", "{F8390ED9-2712-4DD2-85E7-2F23C286B376}"
EndProject
Project("{FAE04EC0-301F-11D3-BF4B-00C04F79EFBC}") = "Execucao", "Execucao\Execucao.csproj", "{00ADDA2C-2CCE-4536-97C3-416A1AA6A073}"
EndProject
Project("{2150E333-8FDC-42A3-9474-1A3956D46DE8}") = "4 - Infraestrutura", "4 - Infraestrutura", "{9A2DA663-EF0C-44B5-9E6E-73B471AC4F64}"
EndProject
Project("{2150E333-8FDC-42A3-9474-1A3956D46DE8}") = "4.1 - Dados", "4.1 - Dados", "{62B0D9D8-F82F-449C-A278-2A5A860C7B96}"
EndProject
Project("{2150E333-8FDC-42A3-9474-1A3956D46DE8}") = "4.2 - Interfaces", "4.2 - Interfaces", "{A65E9126-F2FC-4A2E-8B8C-4E501127D253}"
EndProject
Project("{2150E333-8FDC-42A3-9474-1A3956D46DE8}") = "4.3 - Repositório", "4.3 - Repositório", "{75E4ECD6-342D-406D-A496-8662E242C639}"
EndProject
Project("{FAE04EC0-301F-11D3-BF4B-00C04F79EFBC}") = "IF.UI.Forms.Nucleo", "IF.UI.Forms.Nucleo\IF.UI.Forms.Nucleo.csproj", "{CDCDC550-5A5F-4290-85C0-ED6999B1A392}"
EndProject
Project("{FAE04EC0-301F-11D3-BF4B-00C04F79EFBC}") = "IF.UI.Interfaces", "IF.UI.Interfaces\IF.UI.Interfaces.csproj", "{BBE0C36E-FB93-49C1-BBC7-0D7E14029B01}"
EndProject
Project("{FAE04EC0-301F-11D3-BF4B-00C04F79EFBC}") = "IF.UI.MVVM.Nucleo", "IF.UI.MVVM.Nucleo\IF.UI.MVVM.Nucleo.csproj", "{46C4F9AC-29AD-4D26-982C-036FA0A90D3F}"
EndProject
Project("{FAE04EC0-301F-11D3-BF4B-00C04F79EFBC}") = "IF.Controles", "IF.Controles\IF.Controles.csproj", "{28283A50-3F81-452B-92AE-37796CFDEEF9}"
EndProject
Project("{FAE04EC0-301F-11D3-BF4B-00C04F79EFBC}") = "IF.MVVM.Controles", "IF.MVVM.Controles\IF.MVVM.Controles.csproj", "{B9DDC6F6-7061-4F05-948B-310F54EBD9DB}"
EndProject
Project("{FAE04EC0-301F-11D3-BF4B-00C04F79EFBC}") = "IF.Pessoas.UI.Forms", "IF.Pessoas.UI.Forms\IF.Pessoas.UI.Forms.csproj", "{BB8ADA83-88FF-440E-AC37-C0CB06232FB1}"
EndProject
Project("{FAE04EC0-301F-11D3-BF4B-00C04F79EFBC}") = "IF.Produtos.UI.Forms", "IF.Produtos.UI.Forms\IF.Produtos.UI.Forms.csproj", "{2FFB6336-35D0-430D-9366-50169CA3AA98}"
EndProject
Project("{FAE04EC0-301F-11D3-BF4B-00C04F79EFBC}") = "IF.Pessoas.UI.Forms.Teste", "IF.Pessoas.Teste\IF.Pessoas.UI.Forms.Teste.csproj", "{434D569F-5896-4CB4-9D43-9D6DBDD03B0A}"
EndProject
Project("{FAE04EC0-301F-11D3-BF4B-00C04F79EFBC}") = "IF.Produtos.UI.Forms.Teste", "IF.Produtos.Teste\IF.Produtos.UI.Forms.Teste.csproj", "{F866D0C0-8624-4E86-BDC7-6634A0618832}"
EndProject
Project("{FAE04EC0-301F-11D3-BF4B-00C04F79EFBC}") = "IF.Pessoas.AppService", "IF.Pessoas.AppService\IF.Pessoas.AppService.csproj", "{BF20C758-DD5D-4C5D-908F-C25CB72E1116}"
EndProject
Project("{FAE04EC0-301F-11D3-BF4B-00C04F79EFBC}") = "IF.Produtos.AppService", "IF.Produtos.AppService\IF.Produtos.AppService.csproj", "{DF942866-F512-4D54-B6D8-E18B451CD8F9}"
EndProject
Project("{FAE04EC0-301F-11D3-BF4B-00C04F79EFBC}") = "IF.Entidades", "IF.Entidades\IF.Entidades.csproj", "{4208709C-EF7A-4F85-9230-E7D73D681332}"
EndProject
Project("{FAE04EC0-301F-11D3-BF4B-00C04F79EFBC}") = "IF.DTO", "IF.DTO\IF.DTO.csproj", "{0ABC887F-2435-4912-8CCC-BC7A497F0CE5}"
EndProject
Project("{FAE04EC0-301F-11D3-BF4B-00C04F79EFBC}") = "IF.Dados.Interface", "IF.Dados.Interface\IF.Dados.Interface.csproj", "{FF717B24-3347-4442-9CFB-44D508C4E64D}"
EndProject
Project("{FAE04EC0-301F-11D3-BF4B-00C04F79EFBC}") = "IF.Repositorio.Interface", "IF.Repositorio.Interface\IF.Repositorio.Interface.csproj", "{07BEB1A8-B258-46C0-AF7B-5C07F843EE01}"
EndProject
Project("{FAE04EC0-301F-11D3-BF4B-00C04F79EFBC}") = "IF.Pessoas.Repositorio", "IF.Pessoas.Repositorio\IF.Pessoas.Repositorio.csproj", "{ED9A13E6-DB1A-4511-AB40-E0BEB4A9974C}"
EndProject
Project("{FAE04EC0-301F-11D3-BF4B-00C04F79EFBC}") = "IF.Produtos.Repositorio", "IF.Produtos.Repositorio\IF.Produtos.Repositorio.csproj", "{4E0E336F-3FE5-45C4-AD94-0F2C1F6FDB1E}"
EndProject
Project("{2150E333-8FDC-42A3-9474-1A3956D46DE8}") = "5 - Utilidades", "5 - Utilidades", "{FBE3286C-4A68-450F-9F37-BF0734812227}"
EndProject
Project("{2150E333-8FDC-42A3-9474-1A3956D46DE8}") = "5.1 - Transversal", "5.1 - Transversal", "{56D633F4-F948-46A6-9A98-59BE5F517DB8}"
EndProject
Project("{2150E333-8FDC-42A3-9474-1A3956D46DE8}") = "5.2 - Utilitários", "5.2 - Utilitários", "{C487FD1E-55B2-4A4F-99B2-32DEC6A3E82F}"
EndProject
Project("{FAE04EC0-301F-11D3-BF4B-00C04F79EFBC}") = "IF.Injecoes", "IF.Injecoes\IF.Injecoes.csproj", "{A7F348C2-6DE5-4EF4-806E-B19041F6E1AC}"
EndProject
Project("{FAE04EC0-301F-11D3-BF4B-00C04F79EFBC}") = "IF.Utilitarios", "IF.Utilitarios\IF.Utilitarios.csproj", "{466F723A-ECA3-4BE3-9D29-860FCA4B9484}"
EndProject
Project("{2150E333-8FDC-42A3-9474-1A3956D46DE8}") = "3 - Dominio", "3 - Dominio", "{CF4D5C8A-8AFC-464D-8B75-2BA1F2544554}"
EndProject
Project("{2150E333-8FDC-42A3-9474-1A3956D46DE8}") = "3.1 - Regras", "3.1 - Regras", "{8B89AA98-9DCB-40EA-A3CA-70E4F8C387AF}"
EndProject
Project("{2150E333-8FDC-42A3-9474-1A3956D46DE8}") = "3.3 - Testes", "3.3 - Testes", "{99F8CF29-FEAB-4994-A5C5-3948EE2B7D33}"
EndProject
Project("{2150E333-8FDC-42A3-9474-1A3956D46DE8}") = "4.4 - Testes", "4.4 - Testes", "{1869D4F8-C4D2-4561-8137-F9E212ACE5A6}"
EndProject
Project("{FAE04EC0-301F-11D3-BF4B-00C04F79EFBC}") = "IF.Pessoas.Repositorio.Teste", "IF.Pessoas.Repositorio.Teste\IF.Pessoas.Repositorio.Teste.csproj", "{8351561B-9806-43EE-A02B-05876CA32F3B}"
EndProject
Project("{FAE04EC0-301F-11D3-BF4B-00C04F79EFBC}") = "IF.Produtos.Repositorio.Teste", "IF.Produtos.Repositorio.Teste\IF.Produtos.Repositorio.Teste.csproj", "{9DF2A511-4AD5-46A9-A726-737F500351C5}"
EndProject
Project("{FAE04EC0-301F-11D3-BF4B-00C04F79EFBC}") = "IF.Pessoas.Dominio.Teste", "IF.Pessoas.Dominio.Teste\IF.Pessoas.Dominio.Teste.csproj", "{3C59C1FD-40CF-410A-8D12-D8C27C4002C2}"
EndProject
Project("{FAE04EC0-301F-11D3-BF4B-00C04F79EFBC}") = "IF.Produtos.Dominio.Teste", "IF.Produtos.Dominio.Teste\IF.Produtos.Dominio.Teste.csproj", "{61F03E26-5DBD-4065-A8C2-F04E6AFB9FA3}"
EndProject
Project("{FAE04EC0-301F-11D3-BF4B-00C04F79EFBC}") = "IF.Pessoas", "IF.Pessoas\IF.Pessoas.csproj", "{C4981596-6C88-4708-8233-56DEA8ED608A}"
EndProject
Project("{FAE04EC0-301F-11D3-BF4B-00C04F79EFBC}") = "IF.Produtos", "IF.Produtos\IF.Produtos.csproj", "{35726257-0AF5-477F-98FB-EBBEB720F991}"
EndProject
Global
	GlobalSection(SolutionConfigurationPlatforms) = preSolution
		Debug|Any CPU = Debug|Any CPU
		Release|Any CPU = Release|Any CPU
	EndGlobalSection
	GlobalSection(ProjectConfigurationPlatforms) = postSolution
		{00ADDA2C-2CCE-4536-97C3-416A1AA6A073}.Debug|Any CPU.ActiveCfg = Debug|Any CPU
		{00ADDA2C-2CCE-4536-97C3-416A1AA6A073}.Debug|Any CPU.Build.0 = Debug|Any CPU
		{00ADDA2C-2CCE-4536-97C3-416A1AA6A073}.Release|Any CPU.ActiveCfg = Release|Any CPU
		{00ADDA2C-2CCE-4536-97C3-416A1AA6A073}.Release|Any CPU.Build.0 = Release|Any CPU
		{CDCDC550-5A5F-4290-85C0-ED6999B1A392}.Debug|Any CPU.ActiveCfg = Debug|Any CPU
		{CDCDC550-5A5F-4290-85C0-ED6999B1A392}.Debug|Any CPU.Build.0 = Debug|Any CPU
		{CDCDC550-5A5F-4290-85C0-ED6999B1A392}.Release|Any CPU.ActiveCfg = Release|Any CPU
		{CDCDC550-5A5F-4290-85C0-ED6999B1A392}.Release|Any CPU.Build.0 = Release|Any CPU
		{BBE0C36E-FB93-49C1-BBC7-0D7E14029B01}.Debug|Any CPU.ActiveCfg = Debug|Any CPU
		{BBE0C36E-FB93-49C1-BBC7-0D7E14029B01}.Debug|Any CPU.Build.0 = Debug|Any CPU
		{BBE0C36E-FB93-49C1-BBC7-0D7E14029B01}.Release|Any CPU.ActiveCfg = Release|Any CPU
		{BBE0C36E-FB93-49C1-BBC7-0D7E14029B01}.Release|Any CPU.Build.0 = Release|Any CPU
		{46C4F9AC-29AD-4D26-982C-036FA0A90D3F}.Debug|Any CPU.ActiveCfg = Debug|Any CPU
		{46C4F9AC-29AD-4D26-982C-036FA0A90D3F}.Debug|Any CPU.Build.0 = Debug|Any CPU
		{46C4F9AC-29AD-4D26-982C-036FA0A90D3F}.Release|Any CPU.ActiveCfg = Release|Any CPU
		{46C4F9AC-29AD-4D26-982C-036FA0A90D3F}.Release|Any CPU.Build.0 = Release|Any CPU
		{28283A50-3F81-452B-92AE-37796CFDEEF9}.Debug|Any CPU.ActiveCfg = Debug|Any CPU
		{28283A50-3F81-452B-92AE-37796CFDEEF9}.Debug|Any CPU.Build.0 = Debug|Any CPU
		{28283A50-3F81-452B-92AE-37796CFDEEF9}.Release|Any CPU.ActiveCfg = Release|Any CPU
		{28283A50-3F81-452B-92AE-37796CFDEEF9}.Release|Any CPU.Build.0 = Release|Any CPU
		{B9DDC6F6-7061-4F05-948B-310F54EBD9DB}.Debug|Any CPU.ActiveCfg = Debug|Any CPU
		{B9DDC6F6-7061-4F05-948B-310F54EBD9DB}.Debug|Any CPU.Build.0 = Debug|Any CPU
		{B9DDC6F6-7061-4F05-948B-310F54EBD9DB}.Release|Any CPU.ActiveCfg = Release|Any CPU
		{B9DDC6F6-7061-4F05-948B-310F54EBD9DB}.Release|Any CPU.Build.0 = Release|Any CPU
		{BB8ADA83-88FF-440E-AC37-C0CB06232FB1}.Debug|Any CPU.ActiveCfg = Debug|Any CPU
		{BB8ADA83-88FF-440E-AC37-C0CB06232FB1}.Debug|Any CPU.Build.0 = Debug|Any CPU
		{BB8ADA83-88FF-440E-AC37-C0CB06232FB1}.Release|Any CPU.ActiveCfg = Release|Any CPU
		{BB8ADA83-88FF-440E-AC37-C0CB06232FB1}.Release|Any CPU.Build.0 = Release|Any CPU
		{2FFB6336-35D0-430D-9366-50169CA3AA98}.Debug|Any CPU.ActiveCfg = Debug|Any CPU
		{2FFB6336-35D0-430D-9366-50169CA3AA98}.Debug|Any CPU.Build.0 = Debug|Any CPU
		{2FFB6336-35D0-430D-9366-50169CA3AA98}.Release|Any CPU.ActiveCfg = Release|Any CPU
		{2FFB6336-35D0-430D-9366-50169CA3AA98}.Release|Any CPU.Build.0 = Release|Any CPU
		{434D569F-5896-4CB4-9D43-9D6DBDD03B0A}.Debug|Any CPU.ActiveCfg = Debug|Any CPU
		{434D569F-5896-4CB4-9D43-9D6DBDD03B0A}.Debug|Any CPU.Build.0 = Debug|Any CPU
		{434D569F-5896-4CB4-9D43-9D6DBDD03B0A}.Release|Any CPU.ActiveCfg = Release|Any CPU
		{434D569F-5896-4CB4-9D43-9D6DBDD03B0A}.Release|Any CPU.Build.0 = Release|Any CPU
		{F866D0C0-8624-4E86-BDC7-6634A0618832}.Debug|Any CPU.ActiveCfg = Debug|Any CPU
		{F866D0C0-8624-4E86-BDC7-6634A0618832}.Debug|Any CPU.Build.0 = Debug|Any CPU
		{F866D0C0-8624-4E86-BDC7-6634A0618832}.Release|Any CPU.ActiveCfg = Release|Any CPU
		{F866D0C0-8624-4E86-BDC7-6634A0618832}.Release|Any CPU.Build.0 = Release|Any CPU
		{BF20C758-DD5D-4C5D-908F-C25CB72E1116}.Debug|Any CPU.ActiveCfg = Debug|Any CPU
		{BF20C758-DD5D-4C5D-908F-C25CB72E1116}.Debug|Any CPU.Build.0 = Debug|Any CPU
		{BF20C758-DD5D-4C5D-908F-C25CB72E1116}.Release|Any CPU.ActiveCfg = Release|Any CPU
		{BF20C758-DD5D-4C5D-908F-C25CB72E1116}.Release|Any CPU.Build.0 = Release|Any CPU
		{DF942866-F512-4D54-B6D8-E18B451CD8F9}.Debug|Any CPU.ActiveCfg = Debug|Any CPU
		{DF942866-F512-4D54-B6D8-E18B451CD8F9}.Debug|Any CPU.Build.0 = Debug|Any CPU
		{DF942866-F512-4D54-B6D8-E18B451CD8F9}.Release|Any CPU.ActiveCfg = Release|Any CPU
		{DF942866-F512-4D54-B6D8-E18B451CD8F9}.Release|Any CPU.Build.0 = Release|Any CPU
		{4208709C-EF7A-4F85-9230-E7D73D681332}.Debug|Any CPU.ActiveCfg = Debug|Any CPU
		{4208709C-EF7A-4F85-9230-E7D73D681332}.Debug|Any CPU.Build.0 = Debug|Any CPU
		{4208709C-EF7A-4F85-9230-E7D73D681332}.Release|Any CPU.ActiveCfg = Release|Any CPU
		{4208709C-EF7A-4F85-9230-E7D73D681332}.Release|Any CPU.Build.0 = Release|Any CPU
		{0ABC887F-2435-4912-8CCC-BC7A497F0CE5}.Debug|Any CPU.ActiveCfg = Debug|Any CPU
		{0ABC887F-2435-4912-8CCC-BC7A497F0CE5}.Debug|Any CPU.Build.0 = Debug|Any CPU
		{0ABC887F-2435-4912-8CCC-BC7A497F0CE5}.Release|Any CPU.ActiveCfg = Release|Any CPU
		{0ABC887F-2435-4912-8CCC-BC7A497F0CE5}.Release|Any CPU.Build.0 = Release|Any CPU
		{FF717B24-3347-4442-9CFB-44D508C4E64D}.Debug|Any CPU.ActiveCfg = Debug|Any CPU
		{FF717B24-3347-4442-9CFB-44D508C4E64D}.Debug|Any CPU.Build.0 = Debug|Any CPU
		{FF717B24-3347-4442-9CFB-44D508C4E64D}.Release|Any CPU.ActiveCfg = Release|Any CPU
		{FF717B24-3347-4442-9CFB-44D508C4E64D}.Release|Any CPU.Build.0 = Release|Any CPU
		{07BEB1A8-B258-46C0-AF7B-5C07F843EE01}.Debug|Any CPU.ActiveCfg = Debug|Any CPU
		{07BEB1A8-B258-46C0-AF7B-5C07F843EE01}.Debug|Any CPU.Build.0 = Debug|Any CPU
		{07BEB1A8-B258-46C0-AF7B-5C07F843EE01}.Release|Any CPU.ActiveCfg = Release|Any CPU
		{07BEB1A8-B258-46C0-AF7B-5C07F843EE01}.Release|Any CPU.Build.0 = Release|Any CPU
		{ED9A13E6-DB1A-4511-AB40-E0BEB4A9974C}.Debug|Any CPU.ActiveCfg = Debug|Any CPU
		{ED9A13E6-DB1A-4511-AB40-E0BEB4A9974C}.Debug|Any CPU.Build.0 = Debug|Any CPU
		{ED9A13E6-DB1A-4511-AB40-E0BEB4A9974C}.Release|Any CPU.ActiveCfg = Release|Any CPU
		{ED9A13E6-DB1A-4511-AB40-E0BEB4A9974C}.Release|Any CPU.Build.0 = Release|Any CPU
		{4E0E336F-3FE5-45C4-AD94-0F2C1F6FDB1E}.Debug|Any CPU.ActiveCfg = Debug|Any CPU
		{4E0E336F-3FE5-45C4-AD94-0F2C1F6FDB1E}.Debug|Any CPU.Build.0 = Debug|Any CPU
		{4E0E336F-3FE5-45C4-AD94-0F2C1F6FDB1E}.Release|Any CPU.ActiveCfg = Release|Any CPU
		{4E0E336F-3FE5-45C4-AD94-0F2C1F6FDB1E}.Release|Any CPU.Build.0 = Release|Any CPU
		{A7F348C2-6DE5-4EF4-806E-B19041F6E1AC}.Debug|Any CPU.ActiveCfg = Debug|Any CPU
		{A7F348C2-6DE5-4EF4-806E-B19041F6E1AC}.Debug|Any CPU.Build.0 = Debug|Any CPU
		{A7F348C2-6DE5-4EF4-806E-B19041F6E1AC}.Release|Any CPU.ActiveCfg = Release|Any CPU
		{A7F348C2-6DE5-4EF4-806E-B19041F6E1AC}.Release|Any CPU.Build.0 = Release|Any CPU
		{466F723A-ECA3-4BE3-9D29-860FCA4B9484}.Debug|Any CPU.ActiveCfg = Debug|Any CPU
		{466F723A-ECA3-4BE3-9D29-860FCA4B9484}.Debug|Any CPU.Build.0 = Debug|Any CPU
		{466F723A-ECA3-4BE3-9D29-860FCA4B9484}.Release|Any CPU.ActiveCfg = Release|Any CPU
		{466F723A-ECA3-4BE3-9D29-860FCA4B9484}.Release|Any CPU.Build.0 = Release|Any CPU
		{8351561B-9806-43EE-A02B-05876CA32F3B}.Debug|Any CPU.ActiveCfg = Debug|Any CPU
		{8351561B-9806-43EE-A02B-05876CA32F3B}.Debug|Any CPU.Build.0 = Debug|Any CPU
		{8351561B-9806-43EE-A02B-05876CA32F3B}.Release|Any CPU.ActiveCfg = Release|Any CPU
		{8351561B-9806-43EE-A02B-05876CA32F3B}.Release|Any CPU.Build.0 = Release|Any CPU
		{9DF2A511-4AD5-46A9-A726-737F500351C5}.Debug|Any CPU.ActiveCfg = Debug|Any CPU
		{9DF2A511-4AD5-46A9-A726-737F500351C5}.Debug|Any CPU.Build.0 = Debug|Any CPU
		{9DF2A511-4AD5-46A9-A726-737F500351C5}.Release|Any CPU.ActiveCfg = Release|Any CPU
		{9DF2A511-4AD5-46A9-A726-737F500351C5}.Release|Any CPU.Build.0 = Release|Any CPU
		{3C59C1FD-40CF-410A-8D12-D8C27C4002C2}.Debug|Any CPU.ActiveCfg = Debug|Any CPU
		{3C59C1FD-40CF-410A-8D12-D8C27C4002C2}.Debug|Any CPU.Build.0 = Debug|Any CPU
		{3C59C1FD-40CF-410A-8D12-D8C27C4002C2}.Release|Any CPU.ActiveCfg = Release|Any CPU
		{3C59C1FD-40CF-410A-8D12-D8C27C4002C2}.Release|Any CPU.Build.0 = Release|Any CPU
		{61F03E26-5DBD-4065-A8C2-F04E6AFB9FA3}.Debug|Any CPU.ActiveCfg = Debug|Any CPU
		{61F03E26-5DBD-4065-A8C2-F04E6AFB9FA3}.Debug|Any CPU.Build.0 = Debug|Any CPU
		{61F03E26-5DBD-4065-A8C2-F04E6AFB9FA3}.Release|Any CPU.ActiveCfg = Release|Any CPU
		{61F03E26-5DBD-4065-A8C2-F04E6AFB9FA3}.Release|Any CPU.Build.0 = Release|Any CPU
		{C4981596-6C88-4708-8233-56DEA8ED608A}.Debug|Any CPU.ActiveCfg = Debug|Any CPU
		{C4981596-6C88-4708-8233-56DEA8ED608A}.Debug|Any CPU.Build.0 = Debug|Any CPU
		{C4981596-6C88-4708-8233-56DEA8ED608A}.Release|Any CPU.ActiveCfg = Release|Any CPU
		{C4981596-6C88-4708-8233-56DEA8ED608A}.Release|Any CPU.Build.0 = Release|Any CPU
		{35726257-0AF5-477F-98FB-EBBEB720F991}.Debug|Any CPU.ActiveCfg = Debug|Any CPU
		{35726257-0AF5-477F-98FB-EBBEB720F991}.Debug|Any CPU.Build.0 = Debug|Any CPU
		{35726257-0AF5-477F-98FB-EBBEB720F991}.Release|Any CPU.ActiveCfg = Release|Any CPU
		{35726257-0AF5-477F-98FB-EBBEB720F991}.Release|Any CPU.Build.0 = Release|Any CPU
	EndGlobalSection
	GlobalSection(SolutionProperties) = preSolution
		HideSolutionNode = FALSE
	EndGlobalSection
	GlobalSection(NestedProjects) = preSolution
		{57D36415-08F3-4382-9C7F-9DB43979400A} = {1A6FA580-292F-4DB9-AA5C-153BD698605B}
		{127DB196-BE5D-4BAB-91EB-CCCE2BF41E27} = {1A6FA580-292F-4DB9-AA5C-153BD698605B}
		{576D78E1-D73A-4D1E-966E-1D79709A79DF} = {1A6FA580-292F-4DB9-AA5C-153BD698605B}
		{87966241-1B0F-4FE8-B4C1-4FCEF9D3002A} = {1A6FA580-292F-4DB9-AA5C-153BD698605B}
		{00ADDA2C-2CCE-4536-97C3-416A1AA6A073} = {1A6FA580-292F-4DB9-AA5C-153BD698605B}
		{62B0D9D8-F82F-449C-A278-2A5A860C7B96} = {9A2DA663-EF0C-44B5-9E6E-73B471AC4F64}
		{A65E9126-F2FC-4A2E-8B8C-4E501127D253} = {9A2DA663-EF0C-44B5-9E6E-73B471AC4F64}
		{75E4ECD6-342D-406D-A496-8662E242C639} = {9A2DA663-EF0C-44B5-9E6E-73B471AC4F64}
		{CDCDC550-5A5F-4290-85C0-ED6999B1A392} = {57D36415-08F3-4382-9C7F-9DB43979400A}
		{BBE0C36E-FB93-49C1-BBC7-0D7E14029B01} = {57D36415-08F3-4382-9C7F-9DB43979400A}
		{46C4F9AC-29AD-4D26-982C-036FA0A90D3F} = {57D36415-08F3-4382-9C7F-9DB43979400A}
		{28283A50-3F81-452B-92AE-37796CFDEEF9} = {127DB196-BE5D-4BAB-91EB-CCCE2BF41E27}
		{B9DDC6F6-7061-4F05-948B-310F54EBD9DB} = {127DB196-BE5D-4BAB-91EB-CCCE2BF41E27}
		{BB8ADA83-88FF-440E-AC37-C0CB06232FB1} = {576D78E1-D73A-4D1E-966E-1D79709A79DF}
		{2FFB6336-35D0-430D-9366-50169CA3AA98} = {576D78E1-D73A-4D1E-966E-1D79709A79DF}
		{434D569F-5896-4CB4-9D43-9D6DBDD03B0A} = {87966241-1B0F-4FE8-B4C1-4FCEF9D3002A}
		{F866D0C0-8624-4E86-BDC7-6634A0618832} = {87966241-1B0F-4FE8-B4C1-4FCEF9D3002A}
		{BF20C758-DD5D-4C5D-908F-C25CB72E1116} = {F8390ED9-2712-4DD2-85E7-2F23C286B376}
		{DF942866-F512-4D54-B6D8-E18B451CD8F9} = {F8390ED9-2712-4DD2-85E7-2F23C286B376}
		{4208709C-EF7A-4F85-9230-E7D73D681332} = {62B0D9D8-F82F-449C-A278-2A5A860C7B96}
		{0ABC887F-2435-4912-8CCC-BC7A497F0CE5} = {62B0D9D8-F82F-449C-A278-2A5A860C7B96}
		{FF717B24-3347-4442-9CFB-44D508C4E64D} = {A65E9126-F2FC-4A2E-8B8C-4E501127D253}
		{07BEB1A8-B258-46C0-AF7B-5C07F843EE01} = {A65E9126-F2FC-4A2E-8B8C-4E501127D253}
		{ED9A13E6-DB1A-4511-AB40-E0BEB4A9974C} = {75E4ECD6-342D-406D-A496-8662E242C639}
		{4E0E336F-3FE5-45C4-AD94-0F2C1F6FDB1E} = {75E4ECD6-342D-406D-A496-8662E242C639}
		{56D633F4-F948-46A6-9A98-59BE5F517DB8} = {FBE3286C-4A68-450F-9F37-BF0734812227}
		{C487FD1E-55B2-4A4F-99B2-32DEC6A3E82F} = {FBE3286C-4A68-450F-9F37-BF0734812227}
		{A7F348C2-6DE5-4EF4-806E-B19041F6E1AC} = {56D633F4-F948-46A6-9A98-59BE5F517DB8}
		{466F723A-ECA3-4BE3-9D29-860FCA4B9484} = {C487FD1E-55B2-4A4F-99B2-32DEC6A3E82F}
		{8B89AA98-9DCB-40EA-A3CA-70E4F8C387AF} = {CF4D5C8A-8AFC-464D-8B75-2BA1F2544554}
		{99F8CF29-FEAB-4994-A5C5-3948EE2B7D33} = {CF4D5C8A-8AFC-464D-8B75-2BA1F2544554}
		{1869D4F8-C4D2-4561-8137-F9E212ACE5A6} = {9A2DA663-EF0C-44B5-9E6E-73B471AC4F64}
		{8351561B-9806-43EE-A02B-05876CA32F3B} = {1869D4F8-C4D2-4561-8137-F9E212ACE5A6}
		{9DF2A511-4AD5-46A9-A726-737F500351C5} = {1869D4F8-C4D2-4561-8137-F9E212ACE5A6}
		{3C59C1FD-40CF-410A-8D12-D8C27C4002C2} = {99F8CF29-FEAB-4994-A5C5-3948EE2B7D33}
		{61F03E26-5DBD-4065-A8C2-F04E6AFB9FA3} = {99F8CF29-FEAB-4994-A5C5-3948EE2B7D33}
		{C4981596-6C88-4708-8233-56DEA8ED608A} = {8B89AA98-9DCB-40EA-A3CA-70E4F8C387AF}
		{35726257-0AF5-477F-98FB-EBBEB720F991} = {8B89AA98-9DCB-40EA-A3CA-70E4F8C387AF}
	EndGlobalSection
	GlobalSection(ExtensibilityGlobals) = postSolution
		SolutionGuid = {F051B063-EDFA-4DDF-A582-8BFE5131588B}
	EndGlobalSection
EndGlobal
